
Microsoft Visual Studio Solution File, Format Version 12.00
# Visual Studio Version 16
VisualStudioVersion = 16.0.30320.27
MinimumVisualStudioVersion = 10.0.40219.1
Project("{FAE04EC0-301F-11D3-BF4B-00C04F79EFBC}") = "ProductApi", "ProductApi.csproj", "{732131F0-3D02-46DA-86D0-289B138A5F9B}"
EndProject
Global
	GlobalSection(SolutionConfigurationPlatforms) = preSolution
		Debug|Any CPU = Debug|Any CPU
		Release|Any CPU = Release|Any CPU
	EndGlobalSection
	GlobalSection(ProjectConfigurationPlatforms) = postSolution
		{732131F0-3D02-46DA-86D0-289B138A5F9B}.Debug|Any CPU.ActiveCfg = Debug|Any CPU
		{732131F0-3D02-46DA-86D0-289B138A5F9B}.Debug|Any CPU.Build.0 = Debug|Any CPU
		{732131F0-3D02-46DA-86D0-289B138A5F9B}.Release|Any CPU.ActiveCfg = Release|Any CPU
		{732131F0-3D02-46DA-86D0-289B138A5F9B}.Release|Any CPU.Build.0 = Release|Any CPU
	EndGlobalSection
	GlobalSection(SolutionProperties) = preSolution
		HideSolutionNode = FALSE
	EndGlobalSection
	GlobalSection(ExtensibilityGlobals) = postSolution
		SolutionGuid = {07343C71-5E8A-4FAB-87A6-C63538AB1CBD}
	EndGlobalSection
EndGlobal
